
Microsoft Visual Studio Solution File, Format Version 12.00
# Visual Studio Version 17
VisualStudioVersion = 17.8.34511.84
MinimumVisualStudioVersion = 10.0.40219.1
Project("{FAE04EC0-301F-11D3-BF4B-00C04F79EFBC}") = "2.28 HW.Web", "2.28 HW.Web\2.28 HW.Web.csproj", "{F02DAB55-E62C-43AD-8F19-13C7596DDDC6}"
EndProject
Project("{FAE04EC0-301F-11D3-BF4B-00C04F79EFBC}") = "2.28 HW.Data", "2.28 HW.Data\2.28 HW.Data.csproj", "{66B8800D-572F-451F-8F9C-CF9731620B7F}"
EndProject
Global
	GlobalSection(SolutionConfigurationPlatforms) = preSolution
		Debug|Any CPU = Debug|Any CPU
		Release|Any CPU = Release|Any CPU
	EndGlobalSection
	GlobalSection(ProjectConfigurationPlatforms) = postSolution
		{F02DAB55-E62C-43AD-8F19-13C7596DDDC6}.Debug|Any CPU.ActiveCfg = Debug|Any CPU
		{F02DAB55-E62C-43AD-8F19-13C7596DDDC6}.Debug|Any CPU.Build.0 = Debug|Any CPU
		{F02DAB55-E62C-43AD-8F19-13C7596DDDC6}.Release|Any CPU.ActiveCfg = Release|Any CPU
		{F02DAB55-E62C-43AD-8F19-13C7596DDDC6}.Release|Any CPU.Build.0 = Release|Any CPU
		{66B8800D-572F-451F-8F9C-CF9731620B7F}.Debug|Any CPU.ActiveCfg = Debug|Any CPU
		{66B8800D-572F-451F-8F9C-CF9731620B7F}.Debug|Any CPU.Build.0 = Debug|Any CPU
		{66B8800D-572F-451F-8F9C-CF9731620B7F}.Release|Any CPU.ActiveCfg = Release|Any CPU
		{66B8800D-572F-451F-8F9C-CF9731620B7F}.Release|Any CPU.Build.0 = Release|Any CPU
	EndGlobalSection
	GlobalSection(SolutionProperties) = preSolution
		HideSolutionNode = FALSE
	EndGlobalSection
	GlobalSection(ExtensibilityGlobals) = postSolution
		SolutionGuid = {25D943CB-2F79-4AE9-85B5-7E65ABFB837F}
	EndGlobalSection
EndGlobal
